
Microsoft Visual Studio Solution File, Format Version 12.00
# Visual Studio Version 16
VisualStudioVersion = 16.0.31313.79
MinimumVisualStudioVersion = 10.0.40219.1
Project("{FAE04EC0-301F-11D3-BF4B-00C04F79EFBC}") = "DirectoryMonitoring", "DirectoryMonitoring\DirectoryMonitoring.csproj", "{BCEC0229-B84E-42FE-86C6-5D16C0B13B02}"
EndProject
Global
	GlobalSection(SolutionConfigurationPlatforms) = preSolution
		Debug|Any CPU = Debug|Any CPU
		Release|Any CPU = Release|Any CPU
	EndGlobalSection
	GlobalSection(ProjectConfigurationPlatforms) = postSolution
		{BCEC0229-B84E-42FE-86C6-5D16C0B13B02}.Debug|Any CPU.ActiveCfg = Debug|Any CPU
		{BCEC0229-B84E-42FE-86C6-5D16C0B13B02}.Debug|Any CPU.Build.0 = Debug|Any CPU
		{BCEC0229-B84E-42FE-86C6-5D16C0B13B02}.Release|Any CPU.ActiveCfg = Release|Any CPU
		{BCEC0229-B84E-42FE-86C6-5D16C0B13B02}.Release|Any CPU.Build.0 = Release|Any CPU
	EndGlobalSection
	GlobalSection(SolutionProperties) = preSolution
		HideSolutionNode = FALSE
	EndGlobalSection
	GlobalSection(ExtensibilityGlobals) = postSolution
		SolutionGuid = {C10E27AA-18E1-499A-855F-A12DD993541A}
	EndGlobalSection
EndGlobal
