
Microsoft Visual Studio Solution File, Format Version 12.00
# Visual Studio Version 16
VisualStudioVersion = 16.0.31313.79
MinimumVisualStudioVersion = 10.0.40219.1
Project("{FAE04EC0-301F-11D3-BF4B-00C04F79EFBC}") = "AppLogger", "AppLogger\AppLogger.csproj", "{AFAF4CDE-D52D-45ED-AA4C-719B64C8DC52}"
EndProject
Global
	GlobalSection(SolutionConfigurationPlatforms) = preSolution
		Debug|Any CPU = Debug|Any CPU
		Release|Any CPU = Release|Any CPU
	EndGlobalSection
	GlobalSection(ProjectConfigurationPlatforms) = postSolution
		{AFAF4CDE-D52D-45ED-AA4C-719B64C8DC52}.Debug|Any CPU.ActiveCfg = Debug|Any CPU
		{AFAF4CDE-D52D-45ED-AA4C-719B64C8DC52}.Debug|Any CPU.Build.0 = Debug|Any CPU
		{AFAF4CDE-D52D-45ED-AA4C-719B64C8DC52}.Release|Any CPU.ActiveCfg = Release|Any CPU
		{AFAF4CDE-D52D-45ED-AA4C-719B64C8DC52}.Release|Any CPU.Build.0 = Release|Any CPU
	EndGlobalSection
	GlobalSection(SolutionProperties) = preSolution
		HideSolutionNode = FALSE
	EndGlobalSection
	GlobalSection(ExtensibilityGlobals) = postSolution
		SolutionGuid = {156535F6-40C2-4CB0-96FA-E5B7C7ED9F6F}
	EndGlobalSection
EndGlobal
