
Microsoft Visual Studio Solution File, Format Version 12.00
# Visual Studio 15
VisualStudioVersion = 15.0.27703.2042
MinimumVisualStudioVersion = 10.0.40219.1
Project("{F184B08F-C81C-45F6-A57F-5ABD9991F28F}") = "ImageViewer", "ImageViewer\ImageViewer.vbproj", "{30BBAF6F-799D-47D3-9356-EF8B9B822262}"
EndProject
Global
	GlobalSection(SolutionConfigurationPlatforms) = preSolution
		Debug|Any CPU = Debug|Any CPU
		Debug|x64 = Debug|x64
		Release|Any CPU = Release|Any CPU
		Release|x64 = Release|x64
	EndGlobalSection
	GlobalSection(ProjectConfigurationPlatforms) = postSolution
		{30BBAF6F-799D-47D3-9356-EF8B9B822262}.Debug|Any CPU.ActiveCfg = Debug|Any CPU
		{30BBAF6F-799D-47D3-9356-EF8B9B822262}.Debug|Any CPU.Build.0 = Debug|Any CPU
		{30BBAF6F-799D-47D3-9356-EF8B9B822262}.Debug|x64.ActiveCfg = Debug|x64
		{30BBAF6F-799D-47D3-9356-EF8B9B822262}.Debug|x64.Build.0 = Debug|x64
		{30BBAF6F-799D-47D3-9356-EF8B9B822262}.Release|Any CPU.ActiveCfg = Release|Any CPU
		{30BBAF6F-799D-47D3-9356-EF8B9B822262}.Release|Any CPU.Build.0 = Release|Any CPU
		{30BBAF6F-799D-47D3-9356-EF8B9B822262}.Release|x64.ActiveCfg = Release|x64
		{30BBAF6F-799D-47D3-9356-EF8B9B822262}.Release|x64.Build.0 = Release|x64
	EndGlobalSection
	GlobalSection(SolutionProperties) = preSolution
		HideSolutionNode = FALSE
	EndGlobalSection
	GlobalSection(ExtensibilityGlobals) = postSolution
		SolutionGuid = {005F74A0-0C6C-4A19-8E90-E0AE02DFF8C8}
	EndGlobalSection
EndGlobal
