
Microsoft Visual Studio Solution File, Format Version 12.00
# Visual Studio Version 16
VisualStudioVersion = 16.0.31313.79
MinimumVisualStudioVersion = 10.0.40219.1
Project("{FAE04EC0-301F-11D3-BF4B-00C04F79EFBC}") = "FormInfo", "FormInfo\FormInfo.csproj", "{AD2A1BEB-046A-4FD9-8658-01E3DC2DF40C}"
EndProject
Global
	GlobalSection(SolutionConfigurationPlatforms) = preSolution
		Debug|Any CPU = Debug|Any CPU
		Release|Any CPU = Release|Any CPU
	EndGlobalSection
	GlobalSection(ProjectConfigurationPlatforms) = postSolution
		{AD2A1BEB-046A-4FD9-8658-01E3DC2DF40C}.Debug|Any CPU.ActiveCfg = Debug|Any CPU
		{AD2A1BEB-046A-4FD9-8658-01E3DC2DF40C}.Debug|Any CPU.Build.0 = Debug|Any CPU
		{AD2A1BEB-046A-4FD9-8658-01E3DC2DF40C}.Release|Any CPU.ActiveCfg = Release|Any CPU
		{AD2A1BEB-046A-4FD9-8658-01E3DC2DF40C}.Release|Any CPU.Build.0 = Release|Any CPU
	EndGlobalSection
	GlobalSection(SolutionProperties) = preSolution
		HideSolutionNode = FALSE
	EndGlobalSection
	GlobalSection(ExtensibilityGlobals) = postSolution
		SolutionGuid = {0E0271DC-E3C3-4C59-9113-D477AF9CFC93}
	EndGlobalSection
EndGlobal
