
Microsoft Visual Studio Solution File, Format Version 12.00
# Visual Studio Version 16
VisualStudioVersion = 16.0.31313.79
MinimumVisualStudioVersion = 10.0.40219.1
Project("{FAE04EC0-301F-11D3-BF4B-00C04F79EFBC}") = "SampleSettingsForm", "SampleSettingsForm\SampleSettingsForm.csproj", "{28AC2B9F-F7F1-4649-BC84-5B6B254D5E53}"
EndProject
Global
	GlobalSection(SolutionConfigurationPlatforms) = preSolution
		Debug|Any CPU = Debug|Any CPU
		Release|Any CPU = Release|Any CPU
	EndGlobalSection
	GlobalSection(ProjectConfigurationPlatforms) = postSolution
		{28AC2B9F-F7F1-4649-BC84-5B6B254D5E53}.Debug|Any CPU.ActiveCfg = Debug|Any CPU
		{28AC2B9F-F7F1-4649-BC84-5B6B254D5E53}.Debug|Any CPU.Build.0 = Debug|Any CPU
		{28AC2B9F-F7F1-4649-BC84-5B6B254D5E53}.Release|Any CPU.ActiveCfg = Release|Any CPU
		{28AC2B9F-F7F1-4649-BC84-5B6B254D5E53}.Release|Any CPU.Build.0 = Release|Any CPU
	EndGlobalSection
	GlobalSection(SolutionProperties) = preSolution
		HideSolutionNode = FALSE
	EndGlobalSection
	GlobalSection(ExtensibilityGlobals) = postSolution
		SolutionGuid = {F953DF88-B290-45F4-89D7-7A9C675B0BFC}
	EndGlobalSection
EndGlobal
