
Microsoft Visual Studio Solution File, Format Version 12.00
# Visual Studio Version 16
VisualStudioVersion = 16.0.31313.79
MinimumVisualStudioVersion = 10.0.40219.1
Project("{FAE04EC0-301F-11D3-BF4B-00C04F79EFBC}") = "TestExcelIO", "TestExcelIO\TestExcelIO.csproj", "{CFC105BF-42C2-401B-A133-B5942A117B0B}"
EndProject
Global
	GlobalSection(SolutionConfigurationPlatforms) = preSolution
		Debug|Any CPU = Debug|Any CPU
		Release|Any CPU = Release|Any CPU
	EndGlobalSection
	GlobalSection(ProjectConfigurationPlatforms) = postSolution
		{CFC105BF-42C2-401B-A133-B5942A117B0B}.Debug|Any CPU.ActiveCfg = Debug|Any CPU
		{CFC105BF-42C2-401B-A133-B5942A117B0B}.Debug|Any CPU.Build.0 = Debug|Any CPU
		{CFC105BF-42C2-401B-A133-B5942A117B0B}.Release|Any CPU.ActiveCfg = Release|Any CPU
		{CFC105BF-42C2-401B-A133-B5942A117B0B}.Release|Any CPU.Build.0 = Release|Any CPU
	EndGlobalSection
	GlobalSection(SolutionProperties) = preSolution
		HideSolutionNode = FALSE
	EndGlobalSection
	GlobalSection(ExtensibilityGlobals) = postSolution
		SolutionGuid = {9DB22865-B97E-4226-BF41-3E54EE92CAE4}
	EndGlobalSection
EndGlobal
