<Solution>
  <Project Path="SettingDefaultSaveTest2/SettingDefaultSaveTest2.csproj" Id="5648efbb-72b2-45e6-9f08-2c6b71623fb1" />
  <Project Path="SettingsDefaultSaveTest/SettingsDefaultSaveTest.csproj" Id="2521da40-f6e0-4d05-aae6-4e9b5c6d1762" />
  <Project Path="SettingsDefaultSaveTest3/SettingsDefaultSaveTest3.csproj" Id="f758208d-d2cf-4df9-8146-a3150ceb2e56" />
</Solution>
